
Microsoft Visual Studio Solution File, Format Version 12.00
# Visual Studio Version 16
VisualStudioVersion = 16.0.30204.135
MinimumVisualStudioVersion = 10.0.40219.1
Project("{FAE04EC0-301F-11D3-BF4B-00C04F79EFBC}") = "Pirate CCleaner", "Pirate CCleaner\Pirate CCleaner.csproj", "{90792793-E93D-494A-9AC4-B156FFD76574}"
EndProject
Global
	GlobalSection(SolutionConfigurationPlatforms) = preSolution
		Debug|Any CPU = Debug|Any CPU
		Release|Any CPU = Release|Any CPU
	EndGlobalSection
	GlobalSection(ProjectConfigurationPlatforms) = postSolution
		{90792793-E93D-494A-9AC4-B156FFD76574}.Debug|Any CPU.ActiveCfg = Debug|Any CPU
		{90792793-E93D-494A-9AC4-B156FFD76574}.Debug|Any CPU.Build.0 = Debug|Any CPU
		{90792793-E93D-494A-9AC4-B156FFD76574}.Release|Any CPU.ActiveCfg = Release|Any CPU
		{90792793-E93D-494A-9AC4-B156FFD76574}.Release|Any CPU.Build.0 = Release|Any CPU
	EndGlobalSection
	GlobalSection(SolutionProperties) = preSolution
		HideSolutionNode = FALSE
	EndGlobalSection
	GlobalSection(ExtensibilityGlobals) = postSolution
		SolutionGuid = {F1C92493-DDD4-40C2-A852-6CE0E128DDD7}
	EndGlobalSection
EndGlobal
